{
  "name": "lnurl-auth",
  "version": "1.0.0",
  "lockfileVersion": 3,
  "requires": true,
  "packages": {
    "": {
      "name": "lnurl-auth",
      "version": "1.0.0",
      "license": "ISC",
      "dependencies": {
        "@noble/secp256k1": "^3.1.0",
        "bech32": "^2.0.0"
      }
    },
    "node_modules/@noble/secp256k1": {
      "version": "3.1.0",
      "resolved": "https://registry.npmjs.org/@noble/secp256k1/-/secp256k1-3.1.0.tgz",
      "integrity": "sha512-+F7iS7tUMaNGXcc9X3PjmjvuQnXEuSjCRNzVVA2xAcKXgCaP0dHYz4SFyt4FKNHef7sOP//xihowcySSS7PK9g==",
      "license": "MIT",
      "funding": {
        "url": "https://paulmillr.com/funding/"
      }
    },
    "node_modules/bech32": {
      "version": "2.0.0",
      "resolved": "https://registry.npmjs.org/bech32/-/bech32-2.0.0.tgz",
      "integrity": "sha512-LcknSilhIGatDAsY1ak2I8VtGaHNhgMSYVxFrGLXv+xLHytaKZKcaUJJUE7qmBr7h33o5YQwP55pMI0xmkpJwg==",
      "license": "MIT"
    }
  }
}
